
Microsoft Visual Studio Solution File, Format Version 12.00
# Visual Studio 2012
Project("{FAE04EC0-301F-11D3-BF4B-00C04F79EFBC}") = "Exam Average", "Exam Average\Exam Average.csproj", "{11FBC38D-B80E-4FA5-A9AB-FA066FAF18D5}"
EndProject
Global
	GlobalSection(SolutionConfigurationPlatforms) = preSolution
		Debug|Any CPU = Debug|Any CPU
		Release|Any CPU = Release|Any CPU
	EndGlobalSection
	GlobalSection(ProjectConfigurationPlatforms) = postSolution
		{11FBC38D-B80E-4FA5-A9AB-FA066FAF18D5}.Debug|Any CPU.ActiveCfg = Debug|Any CPU
		{11FBC38D-B80E-4FA5-A9AB-FA066FAF18D5}.Debug|Any CPU.Build.0 = Debug|Any CPU
		{11FBC38D-B80E-4FA5-A9AB-FA066FAF18D5}.Release|Any CPU.ActiveCfg = Release|Any CPU
		{11FBC38D-B80E-4FA5-A9AB-FA066FAF18D5}.Release|Any CPU.Build.0 = Release|Any CPU
	EndGlobalSection
	GlobalSection(SolutionProperties) = preSolution
		HideSolutionNode = FALSE
	EndGlobalSection
EndGlobal
